# This file is automatically @generated by Cargo.
# It is not intended for manual editing.
version = 4

[[package]]
name = "beacon-arrow"
version = "0.1.0"

[[package]]
name = "beacon-cli"
version = "0.1.0"

[[package]]
name = "beacon-core"
version = "0.1.0"

[[package]]
name = "beacon-cuda"
version = "0.1.0"

[[package]]
name = "beacon-format"
version = "0.1.0"

[[package]]
name = "beacon-kernels"
version = "0.1.0"

[[package]]
name = "beacon-mlx"
version = "0.1.0"

[[package]]
name = "beacon-registry"
version = "0.1.0"

[[package]]
name = "beacon-scheduler"
version = "0.1.0"

[[package]]
name = "beacon-tokenizer"
version = "0.1.0"
